
Microsoft Visual Studio Solution File, Format Version 12.00
# Visual Studio 15
Project("{FAE04EC0-301F-11D3-BF4B-00C04F79EFBC}") = "Assembly-CSharp", "Assembly-CSharp.csproj", "{03350BE4-B4F9-5FA7-4B20-F207F455FF30}"
EndProject
Project("{FAE04EC0-301F-11D3-BF4B-00C04F79EFBC}") = "PhotonUnityNetworking.Utilities", "PhotonUnityNetworking.Utilities.csproj", "{8499546E-14F4-CFAF-C052-5A3D1D80AA8A}"
EndProject
Project("{FAE04EC0-301F-11D3-BF4B-00C04F79EFBC}") = "Assembly-CSharp-firstpass", "Assembly-CSharp-firstpass.csproj", "{27410AFE-1BEA-E121-1958-0F3573CC214A}"
EndProject
Project("{FAE04EC0-301F-11D3-BF4B-00C04F79EFBC}") = "PhotonChat", "PhotonChat.csproj", "{1C4945CC-30E9-BE5F-54B5-4A106369D6C2}"
EndProject
Project("{FAE04EC0-301F-11D3-BF4B-00C04F79EFBC}") = "PhotonUnityNetworking", "PhotonUnityNetworking.csproj", "{9AF93A50-A6CD-250E-895D-41958E2EB14A}"
EndProject
Project("{FAE04EC0-301F-11D3-BF4B-00C04F79EFBC}") = "PhotonRealtime", "PhotonRealtime.csproj", "{ED60194D-AA5C-B58F-DC46-3D6F6E8BDE78}"
EndProject
Project("{FAE04EC0-301F-11D3-BF4B-00C04F79EFBC}") = "PhotonWebSocket", "PhotonWebSocket.csproj", "{4536D45B-9765-A98F-C690-71F329A2DB7A}"
EndProject
Project("{FAE04EC0-301F-11D3-BF4B-00C04F79EFBC}") = "Assembly-CSharp-Editor", "Assembly-CSharp-Editor.csproj", "{8FA81E78-5C9C-9DD9-3D1D-8B55589F2A57}"
EndProject
Project("{FAE04EC0-301F-11D3-BF4B-00C04F79EFBC}") = "Assembly-CSharp-Editor-firstpass", "Assembly-CSharp-Editor-firstpass.csproj", "{76B742D6-F724-8C6A-54FC-DBC9F16330E4}"
EndProject
Project("{FAE04EC0-301F-11D3-BF4B-00C04F79EFBC}") = "PhotonUnityNetworking.Editor", "PhotonUnityNetworking.Editor.csproj", "{EFCA04E9-87D2-44E0-1A80-C59F17AFF1DD}"
EndProject
Project("{FAE04EC0-301F-11D3-BF4B-00C04F79EFBC}") = "PhotonUnityNetworking.Utilities.PhotonPlayer.Editor", "PhotonUnityNetworking.Utilities.PhotonPlayer.Editor.csproj", "{E7647954-361E-774F-4FDE-1D830CA4B008}"
EndProject
Project("{FAE04EC0-301F-11D3-BF4B-00C04F79EFBC}") = "PhotonUnityNetworking.Utilities.Culling.Editor", "PhotonUnityNetworking.Utilities.Culling.Editor.csproj", "{A3891710-5F19-B39A-861E-FAA6BA2CF55E}"
EndProject
Global
	GlobalSection(SolutionConfigurationPlatforms) = preSolution
		Debug|Any CPU = Debug|Any CPU
		Release|Any CPU = Release|Any CPU
	EndGlobalSection
	GlobalSection(ProjectConfigurationPlatforms) = postSolution
		{03350BE4-B4F9-5FA7-4B20-F207F455FF30}.Debug|Any CPU.ActiveCfg = Debug|Any CPU
		{03350BE4-B4F9-5FA7-4B20-F207F455FF30}.Debug|Any CPU.Build.0 = Debug|Any CPU
		{03350BE4-B4F9-5FA7-4B20-F207F455FF30}.Release|Any CPU.ActiveCfg = Release|Any CPU
		{03350BE4-B4F9-5FA7-4B20-F207F455FF30}.Release|Any CPU.Build.0 = Release|Any CPU
		{8499546E-14F4-CFAF-C052-5A3D1D80AA8A}.Debug|Any CPU.ActiveCfg = Debug|Any CPU
		{8499546E-14F4-CFAF-C052-5A3D1D80AA8A}.Debug|Any CPU.Build.0 = Debug|Any CPU
		{8499546E-14F4-CFAF-C052-5A3D1D80AA8A}.Release|Any CPU.ActiveCfg = Release|Any CPU
		{8499546E-14F4-CFAF-C052-5A3D1D80AA8A}.Release|Any CPU.Build.0 = Release|Any CPU
		{27410AFE-1BEA-E121-1958-0F3573CC214A}.Debug|Any CPU.ActiveCfg = Debug|Any CPU
		{27410AFE-1BEA-E121-1958-0F3573CC214A}.Debug|Any CPU.Build.0 = Debug|Any CPU
		{27410AFE-1BEA-E121-1958-0F3573CC214A}.Release|Any CPU.ActiveCfg = Release|Any CPU
		{27410AFE-1BEA-E121-1958-0F3573CC214A}.Release|Any CPU.Build.0 = Release|Any CPU
		{1C4945CC-30E9-BE5F-54B5-4A106369D6C2}.Debug|Any CPU.ActiveCfg = Debug|Any CPU
		{1C4945CC-30E9-BE5F-54B5-4A106369D6C2}.Debug|Any CPU.Build.0 = Debug|Any CPU
		{1C4945CC-30E9-BE5F-54B5-4A106369D6C2}.Release|Any CPU.ActiveCfg = Release|Any CPU
		{1C4945CC-30E9-BE5F-54B5-4A106369D6C2}.Release|Any CPU.Build.0 = Release|Any CPU
		{9AF93A50-A6CD-250E-895D-41958E2EB14A}.Debug|Any CPU.ActiveCfg = Debug|Any CPU
		{9AF93A50-A6CD-250E-895D-41958E2EB14A}.Debug|Any CPU.Build.0 = Debug|Any CPU
		{9AF93A50-A6CD-250E-895D-41958E2EB14A}.Release|Any CPU.ActiveCfg = Release|Any CPU
		{9AF93A50-A6CD-250E-895D-41958E2EB14A}.Release|Any CPU.Build.0 = Release|Any CPU
		{ED60194D-AA5C-B58F-DC46-3D6F6E8BDE78}.Debug|Any CPU.ActiveCfg = Debug|Any CPU
		{ED60194D-AA5C-B58F-DC46-3D6F6E8BDE78}.Debug|Any CPU.Build.0 = Debug|Any CPU
		{ED60194D-AA5C-B58F-DC46-3D6F6E8BDE78}.Release|Any CPU.ActiveCfg = Release|Any CPU
		{ED60194D-AA5C-B58F-DC46-3D6F6E8BDE78}.Release|Any CPU.Build.0 = Release|Any CPU
		{4536D45B-9765-A98F-C690-71F329A2DB7A}.Debug|Any CPU.ActiveCfg = Debug|Any CPU
		{4536D45B-9765-A98F-C690-71F329A2DB7A}.Debug|Any CPU.Build.0 = Debug|Any CPU
		{4536D45B-9765-A98F-C690-71F329A2DB7A}.Release|Any CPU.ActiveCfg = Release|Any CPU
		{4536D45B-9765-A98F-C690-71F329A2DB7A}.Release|Any CPU.Build.0 = Release|Any CPU
		{8FA81E78-5C9C-9DD9-3D1D-8B55589F2A57}.Debug|Any CPU.ActiveCfg = Debug|Any CPU
		{8FA81E78-5C9C-9DD9-3D1D-8B55589F2A57}.Debug|Any CPU.Build.0 = Debug|Any CPU
		{8FA81E78-5C9C-9DD9-3D1D-8B55589F2A57}.Release|Any CPU.ActiveCfg = Release|Any CPU
		{8FA81E78-5C9C-9DD9-3D1D-8B55589F2A57}.Release|Any CPU.Build.0 = Release|Any CPU
		{76B742D6-F724-8C6A-54FC-DBC9F16330E4}.Debug|Any CPU.ActiveCfg = Debug|Any CPU
		{76B742D6-F724-8C6A-54FC-DBC9F16330E4}.Debug|Any CPU.Build.0 = Debug|Any CPU
		{76B742D6-F724-8C6A-54FC-DBC9F16330E4}.Release|Any CPU.ActiveCfg = Release|Any CPU
		{76B742D6-F724-8C6A-54FC-DBC9F16330E4}.Release|Any CPU.Build.0 = Release|Any CPU
		{EFCA04E9-87D2-44E0-1A80-C59F17AFF1DD}.Debug|Any CPU.ActiveCfg = Debug|Any CPU
		{EFCA04E9-87D2-44E0-1A80-C59F17AFF1DD}.Debug|Any CPU.Build.0 = Debug|Any CPU
		{EFCA04E9-87D2-44E0-1A80-C59F17AFF1DD}.Release|Any CPU.ActiveCfg = Release|Any CPU
		{EFCA04E9-87D2-44E0-1A80-C59F17AFF1DD}.Release|Any CPU.Build.0 = Release|Any CPU
		{E7647954-361E-774F-4FDE-1D830CA4B008}.Debug|Any CPU.ActiveCfg = Debug|Any CPU
		{E7647954-361E-774F-4FDE-1D830CA4B008}.Debug|Any CPU.Build.0 = Debug|Any CPU
		{E7647954-361E-774F-4FDE-1D830CA4B008}.Release|Any CPU.ActiveCfg = Release|Any CPU
		{E7647954-361E-774F-4FDE-1D830CA4B008}.Release|Any CPU.Build.0 = Release|Any CPU
		{A3891710-5F19-B39A-861E-FAA6BA2CF55E}.Debug|Any CPU.ActiveCfg = Debug|Any CPU
		{A3891710-5F19-B39A-861E-FAA6BA2CF55E}.Debug|Any CPU.Build.0 = Debug|Any CPU
		{A3891710-5F19-B39A-861E-FAA6BA2CF55E}.Release|Any CPU.ActiveCfg = Release|Any CPU
		{A3891710-5F19-B39A-861E-FAA6BA2CF55E}.Release|Any CPU.Build.0 = Release|Any CPU
	EndGlobalSection
	GlobalSection(SolutionProperties) = preSolution
		HideSolutionNode = FALSE
	EndGlobalSection
EndGlobal
